
Microsoft Visual Studio Solution File, Format Version 12.00
# Visual Studio Version 16
VisualStudioVersion = 16.0.29926.136
MinimumVisualStudioVersion = 10.0.40219.1
Project("{FAE04EC0-301F-11D3-BF4B-00C04F79EFBC}") = "AntiDecompiler Cleaner", "AntiDecompiler Cleaner.csproj", "{5A818388-C5FC-4E33-A386-F9EFD94584EC}"
EndProject
Global
	GlobalSection(SolutionConfigurationPlatforms) = preSolution
		Debug|Any CPU = Debug|Any CPU
		Release|Any CPU = Release|Any CPU
	EndGlobalSection
	GlobalSection(ProjectConfigurationPlatforms) = postSolution
		{5A818388-C5FC-4E33-A386-F9EFD94584EC}.Debug|Any CPU.ActiveCfg = Debug|Any CPU
		{5A818388-C5FC-4E33-A386-F9EFD94584EC}.Debug|Any CPU.Build.0 = Debug|Any CPU
		{5A818388-C5FC-4E33-A386-F9EFD94584EC}.Release|Any CPU.ActiveCfg = Release|Any CPU
		{5A818388-C5FC-4E33-A386-F9EFD94584EC}.Release|Any CPU.Build.0 = Release|Any CPU
	EndGlobalSection
	GlobalSection(SolutionProperties) = preSolution
		HideSolutionNode = FALSE
	EndGlobalSection
	GlobalSection(ExtensibilityGlobals) = postSolution
		SolutionGuid = {E6ACAD02-5819-403B-A5B8-0EAC51F2D84F}
	EndGlobalSection
EndGlobal
